
Microsoft Visual Studio Solution File, Format Version 12.00
# Visual Studio 2013
VisualStudioVersion = 12.0.31101.0
MinimumVisualStudioVersion = 10.0.40219.1
Project("{2150E333-8FDC-42A3-9474-1A3956D46DE8}") = "Base", "Base", "{863DAB6A-2B4C-436C-8735-2F305B0BA795}"
EndProject
Project("{2150E333-8FDC-42A3-9474-1A3956D46DE8}") = "DataTier", "DataTier", "{39F1966A-B100-4C86-9AF9-1DF8F98E1A4A}"
EndProject
Project("{FAE04EC0-301F-11D3-BF4B-00C04F79EFBC}") = "Core.Base.Data", "Core.Base.Data\Core.Base.Data.csproj", "{DCD06438-4464-466E-851E-946BBE672694}"
EndProject
Project("{FAE04EC0-301F-11D3-BF4B-00C04F79EFBC}") = "Core.Base.Data.SqlServer", "Core.Base.Data.SqlServer\Core.Base.Data.SqlServer.csproj", "{D6028B67-70FB-4960-99C8-E4E69923BE4E}"
EndProject
Project("{2150E333-8FDC-42A3-9474-1A3956D46DE8}") = "HCRGUniversity", "HCRGUniversity", "{6A29A962-9C8D-4384-B170-C51FBEEDAF0A}"
EndProject
Project("{2150E333-8FDC-42A3-9474-1A3956D46DE8}") = "BusinessTier", "BusinessTier", "{2E70E5BB-91CB-4471-85F2-1269E4BE9802}"
EndProject
Project("{2150E333-8FDC-42A3-9474-1A3956D46DE8}") = "DataTier", "DataTier", "{667D3F75-85E4-4310-B941-75E21D075384}"
EndProject
Project("{FAE04EC0-301F-11D3-BF4B-00C04F79EFBC}") = "CoreBusinessTierTest", "CoreBusinessTierTest\CoreBusinessTierTest.csproj", "{7AA8DE20-EA28-4C21-80E8-223D442FEA3A}"
EndProject
Project("{FAE04EC0-301F-11D3-BF4B-00C04F79EFBC}") = "HCRGUniversity.Core.BL", "HCRGUniversity.Core.BL\HCRGUniversity.Core.BL.csproj", "{52B0CD4B-1BA7-4B95-8B1F-6CA74D51711B}"
EndProject
Project("{FAE04EC0-301F-11D3-BF4B-00C04F79EFBC}") = "HCRGUniversity.Core.BL.Implementation", "HCRGUniversity.Core.BL.Implementation\HCRGUniversity.Core.BL.Implementation.csproj", "{5EA47FD8-2869-4D6C-95EF-D41D65E2D609}"
EndProject
Project("{FAE04EC0-301F-11D3-BF4B-00C04F79EFBC}") = "HCRGUniversity.Core.BL.Model", "HCRGUniversity.Core.BL.Model\HCRGUniversity.Core.BL.Model.csproj", "{02C07B1B-B924-4BB2-81FF-77F7657254DB}"
EndProject
Project("{FAE04EC0-301F-11D3-BF4B-00C04F79EFBC}") = "HCRGUniversity.Core.Data", "HCRGUniversity.Core.Data\HCRGUniversity.Core.Data.csproj", "{F5EAE2B1-5650-4564-B3B3-F2D1F17F9C41}"
EndProject
Project("{FAE04EC0-301F-11D3-BF4B-00C04F79EFBC}") = "HCRGUniversity.Core.Data.Model", "HCRGUniversity.Core.Data.Model\HCRGUniversity.Core.Data.Model.csproj", "{5623FB8D-3D06-4B24-B332-48F268BCBB13}"
EndProject
Project("{FAE04EC0-301F-11D3-BF4B-00C04F79EFBC}") = "HCRGUniversity.Core.Data.SqlServer", "HCRGUniversity.Core.Data.SqlServer\HCRGUniversity.Core.Data.SqlServer.csproj", "{CD39F831-6AEB-4321-89AA-463DA7939581}"
EndProject
Global
	GlobalSection(TeamFoundationVersionControl) = preSolution
		SccNumberOfProjects = 10
		SccEnterpriseProvider = {4CA58AB2-18FA-4F8D-95D4-32DDF27D184C}
		SccTeamFoundationServer = http://tfs.hcrg.com:8080/tfs/hcrg
		SccLocalPath0 = .
		SccProjectUniqueName1 = Core.Base.Data\\Core.Base.Data.csproj
		SccProjectTopLevelParentUniqueName1 = HCRGUniversityCore.sln
		SccProjectName1 = Core.Base.Data
		SccLocalPath1 = Core.Base.Data
		SccProjectUniqueName2 = Core.Base.Data.SqlServer\\Core.Base.Data.SqlServer.csproj
		SccProjectTopLevelParentUniqueName2 = HCRGUniversityCore.sln
		SccProjectName2 = Core.Base.Data.SqlServer
		SccLocalPath2 = Core.Base.Data.SqlServer
		SccProjectUniqueName3 = CoreBusinessTierTest\\CoreBusinessTierTest.csproj
		SccProjectName3 = CoreBusinessTierTest
		SccLocalPath3 = CoreBusinessTierTest
		SccProjectUniqueName4 = HCRGUniversity.Core.BL\\HCRGUniversity.Core.BL.csproj
		SccProjectTopLevelParentUniqueName4 = HCRGUniversityCore.sln
		SccProjectName4 = HCRGUniversity.Core.BL
		SccLocalPath4 = HCRGUniversity.Core.BL
		SccProjectUniqueName5 = HCRGUniversity.Core.BL.Implementation\\HCRGUniversity.Core.BL.Implementation.csproj
		SccProjectTopLevelParentUniqueName5 = HCRGUniversityCore.sln
		SccProjectName5 = HCRGUniversity.Core.BL.Implementation
		SccLocalPath5 = HCRGUniversity.Core.BL.Implementation
		SccProjectUniqueName6 = HCRGUniversity.Core.BL.Model\\HCRGUniversity.Core.BL.Model.csproj
		SccProjectTopLevelParentUniqueName6 = HCRGUniversityCore.sln
		SccProjectName6 = HCRGUniversity.Core.BL.Model
		SccLocalPath6 = HCRGUniversity.Core.BL.Model
		SccProjectUniqueName7 = HCRGUniversity.Core.Data\\HCRGUniversity.Core.Data.csproj
		SccProjectTopLevelParentUniqueName7 = HCRGUniversityCore.sln
		SccProjectName7 = HCRGUniversity.Core.Data
		SccLocalPath7 = HCRGUniversity.Core.Data
		SccProjectUniqueName8 = HCRGUniversity.Core.Data.Model\\HCRGUniversity.Core.Data.Model.csproj
		SccProjectTopLevelParentUniqueName8 = HCRGUniversityCore.sln
		SccProjectName8 = HCRGUniversity.Core.Data.Model
		SccLocalPath8 = HCRGUniversity.Core.Data.Model
		SccProjectUniqueName9 = HCRGUniversity.Core.Data.SqlServer\\HCRGUniversity.Core.Data.SqlServer.csproj
		SccProjectTopLevelParentUniqueName9 = HCRGUniversityCore.sln
		SccProjectName9 = HCRGUniversity.Core.Data.SqlServer
		SccLocalPath9 = HCRGUniversity.Core.Data.SqlServer
	EndGlobalSection
	GlobalSection(SolutionConfigurationPlatforms) = preSolution
		Debug|Any CPU = Debug|Any CPU
		Release|Any CPU = Release|Any CPU
	EndGlobalSection
	GlobalSection(ProjectConfigurationPlatforms) = postSolution
		{DCD06438-4464-466E-851E-946BBE672694}.Debug|Any CPU.ActiveCfg = Debug|Any CPU
		{DCD06438-4464-466E-851E-946BBE672694}.Debug|Any CPU.Build.0 = Debug|Any CPU
		{DCD06438-4464-466E-851E-946BBE672694}.Release|Any CPU.ActiveCfg = Release|Any CPU
		{DCD06438-4464-466E-851E-946BBE672694}.Release|Any CPU.Build.0 = Release|Any CPU
		{D6028B67-70FB-4960-99C8-E4E69923BE4E}.Debug|Any CPU.ActiveCfg = Debug|Any CPU
		{D6028B67-70FB-4960-99C8-E4E69923BE4E}.Debug|Any CPU.Build.0 = Debug|Any CPU
		{D6028B67-70FB-4960-99C8-E4E69923BE4E}.Release|Any CPU.ActiveCfg = Release|Any CPU
		{D6028B67-70FB-4960-99C8-E4E69923BE4E}.Release|Any CPU.Build.0 = Release|Any CPU
		{7AA8DE20-EA28-4C21-80E8-223D442FEA3A}.Debug|Any CPU.ActiveCfg = Debug|Any CPU
		{7AA8DE20-EA28-4C21-80E8-223D442FEA3A}.Debug|Any CPU.Build.0 = Debug|Any CPU
		{7AA8DE20-EA28-4C21-80E8-223D442FEA3A}.Release|Any CPU.ActiveCfg = Release|Any CPU
		{7AA8DE20-EA28-4C21-80E8-223D442FEA3A}.Release|Any CPU.Build.0 = Release|Any CPU
		{52B0CD4B-1BA7-4B95-8B1F-6CA74D51711B}.Debug|Any CPU.ActiveCfg = Debug|Any CPU
		{52B0CD4B-1BA7-4B95-8B1F-6CA74D51711B}.Debug|Any CPU.Build.0 = Debug|Any CPU
		{52B0CD4B-1BA7-4B95-8B1F-6CA74D51711B}.Release|Any CPU.ActiveCfg = Release|Any CPU
		{52B0CD4B-1BA7-4B95-8B1F-6CA74D51711B}.Release|Any CPU.Build.0 = Release|Any CPU
		{5EA47FD8-2869-4D6C-95EF-D41D65E2D609}.Debug|Any CPU.ActiveCfg = Debug|Any CPU
		{5EA47FD8-2869-4D6C-95EF-D41D65E2D609}.Debug|Any CPU.Build.0 = Debug|Any CPU
		{5EA47FD8-2869-4D6C-95EF-D41D65E2D609}.Release|Any CPU.ActiveCfg = Release|Any CPU
		{5EA47FD8-2869-4D6C-95EF-D41D65E2D609}.Release|Any CPU.Build.0 = Release|Any CPU
		{02C07B1B-B924-4BB2-81FF-77F7657254DB}.Debug|Any CPU.ActiveCfg = Debug|Any CPU
		{02C07B1B-B924-4BB2-81FF-77F7657254DB}.Debug|Any CPU.Build.0 = Debug|Any CPU
		{02C07B1B-B924-4BB2-81FF-77F7657254DB}.Release|Any CPU.ActiveCfg = Release|Any CPU
		{02C07B1B-B924-4BB2-81FF-77F7657254DB}.Release|Any CPU.Build.0 = Release|Any CPU
		{F5EAE2B1-5650-4564-B3B3-F2D1F17F9C41}.Debug|Any CPU.ActiveCfg = Debug|Any CPU
		{F5EAE2B1-5650-4564-B3B3-F2D1F17F9C41}.Debug|Any CPU.Build.0 = Debug|Any CPU
		{F5EAE2B1-5650-4564-B3B3-F2D1F17F9C41}.Release|Any CPU.ActiveCfg = Release|Any CPU
		{F5EAE2B1-5650-4564-B3B3-F2D1F17F9C41}.Release|Any CPU.Build.0 = Release|Any CPU
		{5623FB8D-3D06-4B24-B332-48F268BCBB13}.Debug|Any CPU.ActiveCfg = Debug|Any CPU
		{5623FB8D-3D06-4B24-B332-48F268BCBB13}.Debug|Any CPU.Build.0 = Debug|Any CPU
		{5623FB8D-3D06-4B24-B332-48F268BCBB13}.Release|Any CPU.ActiveCfg = Release|Any CPU
		{5623FB8D-3D06-4B24-B332-48F268BCBB13}.Release|Any CPU.Build.0 = Release|Any CPU
		{CD39F831-6AEB-4321-89AA-463DA7939581}.Debug|Any CPU.ActiveCfg = Debug|Any CPU
		{CD39F831-6AEB-4321-89AA-463DA7939581}.Debug|Any CPU.Build.0 = Debug|Any CPU
		{CD39F831-6AEB-4321-89AA-463DA7939581}.Release|Any CPU.ActiveCfg = Release|Any CPU
		{CD39F831-6AEB-4321-89AA-463DA7939581}.Release|Any CPU.Build.0 = Release|Any CPU
	EndGlobalSection
	GlobalSection(SolutionProperties) = preSolution
		HideSolutionNode = FALSE
	EndGlobalSection
	GlobalSection(NestedProjects) = preSolution
		{39F1966A-B100-4C86-9AF9-1DF8F98E1A4A} = {863DAB6A-2B4C-436C-8735-2F305B0BA795}
		{DCD06438-4464-466E-851E-946BBE672694} = {39F1966A-B100-4C86-9AF9-1DF8F98E1A4A}
		{D6028B67-70FB-4960-99C8-E4E69923BE4E} = {39F1966A-B100-4C86-9AF9-1DF8F98E1A4A}
		{2E70E5BB-91CB-4471-85F2-1269E4BE9802} = {6A29A962-9C8D-4384-B170-C51FBEEDAF0A}
		{667D3F75-85E4-4310-B941-75E21D075384} = {6A29A962-9C8D-4384-B170-C51FBEEDAF0A}
		{52B0CD4B-1BA7-4B95-8B1F-6CA74D51711B} = {2E70E5BB-91CB-4471-85F2-1269E4BE9802}
		{5EA47FD8-2869-4D6C-95EF-D41D65E2D609} = {2E70E5BB-91CB-4471-85F2-1269E4BE9802}
		{02C07B1B-B924-4BB2-81FF-77F7657254DB} = {2E70E5BB-91CB-4471-85F2-1269E4BE9802}
		{F5EAE2B1-5650-4564-B3B3-F2D1F17F9C41} = {667D3F75-85E4-4310-B941-75E21D075384}
		{5623FB8D-3D06-4B24-B332-48F268BCBB13} = {667D3F75-85E4-4310-B941-75E21D075384}
		{CD39F831-6AEB-4321-89AA-463DA7939581} = {667D3F75-85E4-4310-B941-75E21D075384}
	EndGlobalSection
EndGlobal
